// !$*UTF8*$!
{
	archiveVersion = 1;
	classes = {
	};
	objectVersion = 46;
	objects = {

/* Begin PBXBuildFile section */
		003D3A30198AA67A00B97292 /* MenuController.swift in Sources */ = {isa = PBXBuildFile; fileRef = 003D3A2F198AA67A00B97292 /* MenuController.swift */; };
		003DE4B9198826BE00806696 /* AppDelegate.swift in Sources */ = {isa = PBXBuildFile; fileRef = 003DE4B8198826BE00806696 /* AppDelegate.swift */; };
		003DE4BB198826BE00806696 /* GameController.swift in Sources */ = {isa = PBXBuildFile; fileRef = 003DE4BA198826BE00806696 /* GameController.swift */; };
		003DE4BE198826BE00806696 /* Main.storyboard in Resources */ = {isa = PBXBuildFile; fileRef = 003DE4BC198826BE00806696 /* Main.storyboard */; };
		003DE4C0198826BE00806696 /* Images.xcassets in Resources */ = {isa = PBXBuildFile; fileRef = 003DE4BF198826BE00806696 /* Images.xcassets */; };
		003DE4CC198826BE00806696 /* TTTiOSTests.swift in Sources */ = {isa = PBXBuildFile; fileRef = 003DE4CB198826BE00806696 /* TTTiOSTests.swift */; };
		0090335E198AA854002EC125 /* Menu.swift in Sources */ = {isa = PBXBuildFile; fileRef = 0090335D198AA854002EC125 /* Menu.swift */; };
/* End PBXBuildFile section */

/* Begin PBXContainerItemProxy section */
		003DE4C6198826BE00806696 /* PBXContainerItemProxy */ = {
			isa = PBXContainerItemProxy;
			containerPortal = 003DE4AB198826BE00806696 /* Project object */;
			proxyType = 1;
			remoteGlobalIDString = 003DE4B2198826BE00806696;
			remoteInfo = TTTiOS;
		};
/* End PBXContainerItemProxy section */

/* Begin PBXFileReference section */
		003D3A2F198AA67A00B97292 /* MenuController.swift */ = {isa = PBXFileReference; fileEncoding = 4; lastKnownFileType = sourcecode.swift; path = MenuController.swift; sourceTree = "<group>"; };
		003DE4B3198826BE00806696 /* TTTiOS.app */ = {isa = PBXFileReference; explicitFileType = wrapper.application; includeInIndex = 0; path = TTTiOS.app; sourceTree = BUILT_PRODUCTS_DIR; };
		003DE4B7198826BE00806696 /* Info.plist */ = {isa = PBXFileReference; lastKnownFileType = text.plist.xml; path = Info.plist; sourceTree = "<group>"; };
		003DE4B8198826BE00806696 /* AppDelegate.swift */ = {isa = PBXFileReference; lastKnownFileType = sourcecode.swift; path = AppDelegate.swift; sourceTree = "<group>"; };
		003DE4BA198826BE00806696 /* GameController.swift */ = {isa = PBXFileReference; lastKnownFileType = sourcecode.swift; path = GameController.swift; sourceTree = "<group>"; };
		003DE4BD198826BE00806696 /* Base */ = {isa = PBXFileReference; lastKnownFileType = file.storyboard; name = Base; path = Base.lproj/Main.storyboard; sourceTree = "<group>"; };
		003DE4BF198826BE00806696 /* Images.xcassets */ = {isa = PBXFileReference; lastKnownFileType = folder.assetcatalog; path = Images.xcassets; sourceTree = "<group>"; };
		003DE4C5198826BE00806696 /* TTTiOSTests.xctest */ = {isa = PBXFileReference; explicitFileType = wrapper.cfbundle; includeInIndex = 0; path = TTTiOSTests.xctest; sourceTree = BUILT_PRODUCTS_DIR; };
		003DE4CA198826BE00806696 /* Info.plist */ = {isa = PBXFileReference; lastKnownFileType = text.plist.xml; path = Info.plist; sourceTree = "<group>"; };
		003DE4CB198826BE00806696 /* TTTiOSTests.swift */ = {isa = PBXFileReference; lastKnownFileType = sourcecode.swift; path = TTTiOSTests.swift; sourceTree = "<group>"; };
		0090335D198AA854002EC125 /* Menu.swift */ = {isa = PBXFileReference; fileEncoding = 4; lastKnownFileType = sourcecode.swift; path = Menu.swift; sourceTree = "<group>"; };
/* End PBXFileReference section */

/* Begin PBXFrameworksBuildPhase section */
		003DE4B0198826BE00806696 /* Frameworks */ = {
			isa = PBXFrameworksBuildPhase;
			buildActionMask = 2147483647;
			files = (
			);
			runOnlyForDeploymentPostprocessing = 0;
		};
		003DE4C2198826BE00806696 /* Frameworks */ = {
			isa = PBXFrameworksBuildPhase;
			buildActionMask = 2147483647;
			files = (
			);
			runOnlyForDeploymentPostprocessing = 0;
		};
/* End PBXFrameworksBuildPhase section */

/* Begin PBXGroup section */
		003DE4AA198826BE00806696 = {
			isa = PBXGroup;
			children = (
				003DE4B5198826BE00806696 /* TTTiOS */,
				003DE4C8198826BE00806696 /* TTTiOSTests */,
				003DE4B4198826BE00806696 /* Products */,
			);
			sourceTree = "<group>";
		};
		003DE4B4198826BE00806696 /* Products */ = {
			isa = PBXGroup;
			children = (
				003DE4B3198826BE00806696 /* TTTiOS.app */,
				003DE4C5198826BE00806696 /* TTTiOSTests.xctest */,
			);
			name = Products;
			sourceTree = "<group>";
		};
		003DE4B5198826BE00806696 /* TTTiOS */ = {
			isa = PBXGroup;
			children = (
				003DE4B8198826BE00806696 /* AppDelegate.swift */,
				003DE4BA198826BE00806696 /* GameController.swift */,
				003DE4BC198826BE00806696 /* Main.storyboard */,
				003D3A2F198AA67A00B97292 /* MenuController.swift */,
				0090335D198AA854002EC125 /* Menu.swift */,
				003DE4BF198826BE00806696 /* Images.xcassets */,
				003DE4B6198826BE00806696 /* Supporting Files */,
			);
			path = TTTiOS;
			sourceTree = "<group>";
		};
		003DE4B6198826BE00806696 /* Supporting Files */ = {
			isa = PBXGroup;
			children = (
				003DE4B7198826BE00806696 /* Info.plist */,
			);
			name = "Supporting Files";
			sourceTree = "<group>";
		};
		003DE4C8198826BE00806696 /* TTTiOSTests */ = {
			isa = PBXGroup;
			children = (
				003DE4CB198826BE00806696 /* TTTiOSTests.swift */,
				003DE4C9198826BE00806696 /* Supporting Files */,
			);
			path = TTTiOSTests;
			sourceTree = "<group>";
		};
		003DE4C9198826BE00806696 /* Supporting Files */ = {
			isa = PBXGroup;
			children = (
				003DE4CA198826BE00806696 /* Info.plist */,
			);
			name = "Supporting Files";
			sourceTree = "<group>";
		};
/* End PBXGroup section */

/* Begin PBXNativeTarget section */
		003DE4B2198826BE00806696 /* TTTiOS */ = {
			isa = PBXNativeTarget;
			buildConfigurationList = 003DE4CF198826BE00806696 /* Build configuration list for PBXNativeTarget "TTTiOS" */;
			buildPhases = (
				003DE4AF198826BE00806696 /* Sources */,
				003DE4B0198826BE00806696 /* Frameworks */,
				003DE4B1198826BE00806696 /* Resources */,
			);
			buildRules = (
			);
			dependencies = (
			);
			name = TTTiOS;
			productName = TTTiOS;
			productReference = 003DE4B3198826BE00806696 /* TTTiOS.app */;
			productType = "com.apple.product-type.application";
		};
		003DE4C4198826BE00806696 /* TTTiOSTests */ = {
			isa = PBXNativeTarget;
			buildConfigurationList = 003DE4D2198826BE00806696 /* Build configuration list for PBXNativeTarget "TTTiOSTests" */;
			buildPhases = (
				003DE4C1198826BE00806696 /* Sources */,
				003DE4C2198826BE00806696 /* Frameworks */,
				003DE4C3198826BE00806696 /* Resources */,
			);
			buildRules = (
			);
			dependencies = (
				003DE4C7198826BE00806696 /* PBXTargetDependency */,
			);
			name = TTTiOSTests;
			productName = TTTiOSTests;
			productReference = 003DE4C5198826BE00806696 /* TTTiOSTests.xctest */;
			productType = "com.apple.product-type.bundle.unit-test";
		};
/* End PBXNativeTarget section */

/* Begin PBXProject section */
		003DE4AB198826BE00806696 /* Project object */ = {
			isa = PBXProject;
			attributes = {
				LastUpgradeCheck = 0600;
				ORGANIZATIONNAME = "Alex Hill";
				TargetAttributes = {
					003DE4B2198826BE00806696 = {
						CreatedOnToolsVersion = 6.0;
					};
					003DE4C4198826BE00806696 = {
						CreatedOnToolsVersion = 6.0;
						TestTargetID = 003DE4B2198826BE00806696;
					};
				};
			};
			buildConfigurationList = 003DE4AE198826BE00806696 /* Build configuration list for PBXProject "TTTiOS" */;
			compatibilityVersion = "Xcode 3.2";
			developmentRegion = English;
			hasScannedForEncodings = 0;
			knownRegions = (
				en,
				Base,
			);
			mainGroup = 003DE4AA198826BE00806696;
			productRefGroup = 003DE4B4198826BE00806696 /* Products */;
			projectDirPath = "";
			projectRoot = "";
			targets = (
				003DE4B2198826BE00806696 /* TTTiOS */,
				003DE4C4198826BE00806696 /* TTTiOSTests */,
			);
		};
/* End PBXProject section */

/* Begin PBXResourcesBuildPhase section */
		003DE4B1198826BE00806696 /* Resources */ = {
			isa = PBXResourcesBuildPhase;
			buildActionMask = 2147483647;
			files = (
				003DE4BE198826BE00806696 /* Main.storyboard in Resources */,
				003DE4C0198826BE00806696 /* Images.xcassets in Resources */,
			);
			runOnlyForDeploymentPostprocessing = 0;
		};
		003DE4C3198826BE00806696 /* Resources */ = {
			isa = PBXResourcesBuildPhase;
			buildActionMask = 2147483647;
			files = (
			);
			runOnlyForDeploymentPostprocessing = 0;
		};
/* End PBXResourcesBuildPhase section */

/* Begin PBXSourcesBuildPhase section */
		003DE4AF198826BE00806696 /* Sources */ = {
			isa = PBXSourcesBuildPhase;
			buildActionMask = 2147483647;
			files = (
				003DE4BB198826BE00806696 /* GameController.swift in Sources */,
				003D3A30198AA67A00B97292 /* MenuController.swift in Sources */,
				0090335E198AA854002EC125 /* Menu.swift in Sources */,
				003DE4B9198826BE00806696 /* AppDelegate.swift in Sources */,
			);
			runOnlyForDeploymentPostprocessing = 0;
		};
		003DE4C1198826BE00806696 /* Sources */ = {
			isa = PBXSourcesBuildPhase;
			buildActionMask = 2147483647;
			files = (
				003DE4CC198826BE00806696 /* TTTiOSTests.swift in Sources */,
			);
			runOnlyForDeploymentPostprocessing = 0;
		};
/* End PBXSourcesBuildPhase section */

/* Begin PBXTargetDependency section */
		003DE4C7198826BE00806696 /* PBXTargetDependency */ = {
			isa = PBXTargetDependency;
			target = 003DE4B2198826BE00806696 /* TTTiOS */;
			targetProxy = 003DE4C6198826BE00806696 /* PBXContainerItemProxy */;
		};
/* End PBXTargetDependency section */

/* Begin PBXVariantGroup section */
		003DE4BC198826BE00806696 /* Main.storyboard */ = {
			isa = PBXVariantGroup;
			children = (
				003DE4BD198826BE00806696 /* Base */,
			);
			name = Main.storyboard;
			sourceTree = "<group>";
		};
/* End PBXVariantGroup section */

/* Begin XCBuildConfiguration section */
		003DE4CD198826BE00806696 /* Debug */ = {
			isa = XCBuildConfiguration;
			buildSettings = {
				ALWAYS_SEARCH_USER_PATHS = NO;
				CLANG_CXX_LANGUAGE_STANDARD = "gnu++0x";
				CLANG_CXX_LIBRARY = "libc++";
				CLANG_ENABLE_MODULES = YES;
				CLANG_ENABLE_OBJC_ARC = YES;
				CLANG_WARN_BOOL_CONVERSION = YES;
				CLANG_WARN_CONSTANT_CONVERSION = YES;
				CLANG_WARN_DIRECT_OBJC_ISA_USAGE = YES_ERROR;
				CLANG_WARN_EMPTY_BODY = YES;
				CLANG_WARN_ENUM_CONVERSION = YES;
				CLANG_WARN_INT_CONVERSION = YES;
				CLANG_WARN_OBJC_ROOT_CLASS = YES_ERROR;
				CLANG_WARN_UNREACHABLE_CODE = YES;
				CLANG_WARN__DUPLICATE_METHOD_MATCH = YES;
				"CODE_SIGN_IDENTITY[sdk=iphoneos*]" = "iPhone Developer";
				COPY_PHASE_STRIP = NO;
				ENABLE_STRICT_OBJC_MSGSEND = YES;
				GCC_C_LANGUAGE_STANDARD = gnu99;
				GCC_DYNAMIC_NO_PIC = NO;
				GCC_OPTIMIZATION_LEVEL = 0;
				GCC_PREPROCESSOR_DEFINITIONS = (
					"DEBUG=1",
					"$(inherited)",
				);
				GCC_SYMBOLS_PRIVATE_EXTERN = NO;
				GCC_WARN_64_TO_32_BIT_CONVERSION = YES;
				GCC_WARN_ABOUT_RETURN_TYPE = YES_ERROR;
				GCC_WARN_UNDECLARED_SELECTOR = YES;
				GCC_WARN_UNINITIALIZED_AUTOS = YES_AGGRESSIVE;
				GCC_WARN_UNUSED_FUNCTION = YES;
				GCC_WARN_UNUSED_VARIABLE = YES;
				IPHONEOS_DEPLOYMENT_TARGET = 8.0;
				MTL_ENABLE_DEBUG_INFO = YES;
				ONLY_ACTIVE_ARCH = YES;
				SDKROOT = iphoneos;
				SWIFT_OPTIMIZATION_LEVEL = "-Onone";
			};
			name = Debug;
		};
		003DE4CE198826BE00806696 /* Release */ = {
			isa = XCBuildConfiguration;
			buildSettings = {
				ALWAYS_SEARCH_USER_PATHS = NO;
				CLANG_CXX_LANGUAGE_STANDARD = "gnu++0x";
				CLANG_CXX_LIBRARY = "libc++";
				CLANG_ENABLE_MODULES = YES;
				CLANG_ENABLE_OBJC_ARC = YES;
				CLANG_WARN_BOOL_CONVERSION = YES;
				CLANG_WARN_CONSTANT_CONVERSION = YES;
				CLANG_WARN_DIRECT_OBJC_ISA_USAGE = YES_ERROR;
				CLANG_WARN_EMPTY_BODY = YES;
				CLANG_WARN_ENUM_CONVERSION = YES;
				CLANG_WARN_INT_CONVERSION = YES;
				CLANG_WARN_OBJC_ROOT_CLASS = YES_ERROR;
				CLANG_WARN_UNREACHABLE_CODE = YES;
				CLANG_WARN__DUPLICATE_METHOD_MATCH = YES;
				"CODE_SIGN_IDENTITY[sdk=iphoneos*]" = "iPhone Developer";
				COPY_PHASE_STRIP = YES;
				ENABLE_NS_ASSERTIONS = NO;
				ENABLE_STRICT_OBJC_MSGSEND = YES;
				GCC_C_LANGUAGE_STANDARD = gnu99;
				GCC_WARN_64_TO_32_BIT_CONVERSION = YES;
				GCC_WARN_ABOUT_RETURN_TYPE = YES_ERROR;
				GCC_WARN_UNDECLARED_SELECTOR = YES;
				GCC_WARN_UNINITIALIZED_AUTOS = YES_AGGRESSIVE;
				GCC_WARN_UNUSED_FUNCTION = YES;
				GCC_WARN_UNUSED_VARIABLE = YES;
				IPHONEOS_DEPLOYMENT_TARGET = 8.0;
				MTL_ENABLE_DEBUG_INFO = NO;
				SDKROOT = iphoneos;
				VALIDATE_PRODUCT = YES;
			};
			name = Release;
		};
		003DE4D0198826BE00806696 /* Debug */ = {
			isa = XCBuildConfiguration;
			buildSettings = {
				ASSETCATALOG_COMPILER_APPICON_NAME = AppIcon;
				ASSETCATALOG_COMPILER_LAUNCHIMAGE_NAME = LaunchImage;
				INFOPLIST_FILE = TTTiOS/Info.plist;
				LD_RUNPATH_SEARCH_PATHS = "$(inherited) @executable_path/Frameworks";
				PRODUCT_NAME = "$(TARGET_NAME)";
			};
			name = Debug;
		};
		003DE4D1198826BE00806696 /* Release */ = {
			isa = XCBuildConfiguration;
			buildSettings = {
				ASSETCATALOG_COMPILER_APPICON_NAME = AppIcon;
				ASSETCATALOG_COMPILER_LAUNCHIMAGE_NAME = LaunchImage;
				INFOPLIST_FILE = TTTiOS/Info.plist;
				LD_RUNPATH_SEARCH_PATHS = "$(inherited) @executable_path/Frameworks";
				PRODUCT_NAME = "$(TARGET_NAME)";
			};
			name = Release;
		};
		003DE4D3198826BE00806696 /* Debug */ = {
			isa = XCBuildConfiguration;
			buildSettings = {
				BUNDLE_LOADER = "$(BUILT_PRODUCTS_DIR)/TTTiOS.app/TTTiOS";
				FRAMEWORK_SEARCH_PATHS = (
					"$(SDKROOT)/Developer/Library/Frameworks",
					"$(inherited)",
				);
				GCC_PREPROCESSOR_DEFINITIONS = (
					"DEBUG=1",
					"$(inherited)",
				);
				INFOPLIST_FILE = TTTiOSTests/Info.plist;
				LD_RUNPATH_SEARCH_PATHS = "$(inherited) @executable_path/Frameworks @loader_path/Frameworks";
				PRODUCT_NAME = "$(TARGET_NAME)";
				TEST_HOST = "$(BUNDLE_LOADER)";
			};
			name = Debug;
		};
		003DE4D4198826BE00806696 /* Release */ = {
			isa = XCBuildConfiguration;
			buildSettings = {
				BUNDLE_LOADER = "$(BUILT_PRODUCTS_DIR)/TTTiOS.app/TTTiOS";
				FRAMEWORK_SEARCH_PATHS = (
					"$(SDKROOT)/Developer/Library/Frameworks",
					"$(inherited)",
				);
				INFOPLIST_FILE = TTTiOSTests/Info.plist;
				LD_RUNPATH_SEARCH_PATHS = "$(inherited) @executable_path/Frameworks @loader_path/Frameworks";
				PRODUCT_NAME = "$(TARGET_NAME)";
				TEST_HOST = "$(BUNDLE_LOADER)";
			};
			name = Release;
		};
/* End XCBuildConfiguration section */

/* Begin XCConfigurationList section */
		003DE4AE198826BE00806696 /* Build configuration list for PBXProject "TTTiOS" */ = {
			isa = XCConfigurationList;
			buildConfigurations = (
				003DE4CD198826BE00806696 /* Debug */,
				003DE4CE198826BE00806696 /* Release */,
			);
			defaultConfigurationIsVisible = 0;
			defaultConfigurationName = Release;
		};
		003DE4CF198826BE00806696 /* Build configuration list for PBXNativeTarget "TTTiOS" */ = {
			isa = XCConfigurationList;
			buildConfigurations = (
				003DE4D0198826BE00806696 /* Debug */,
				003DE4D1198826BE00806696 /* Release */,
			);
			defaultConfigurationIsVisible = 0;
			defaultConfigurationName = Release;
		};
		003DE4D2198826BE00806696 /* Build configuration list for PBXNativeTarget "TTTiOSTests" */ = {
			isa = XCConfigurationList;
			buildConfigurations = (
				003DE4D3198826BE00806696 /* Debug */,
				003DE4D4198826BE00806696 /* Release */,
			);
			defaultConfigurationIsVisible = 0;
			defaultConfigurationName = Release;
		};
/* End XCConfigurationList section */
	};
	rootObject = 003DE4AB198826BE00806696 /* Project object */;
}
